{
  "name": "sofiagonzaloc",
  "version": "0.0.1",
  "lockfileVersion": 2,
  "requires": true,
  "packages": {
    "": {
      "name": "sofiagonzaloc",
      "version": "0.0.1",
      "license": "MIT",
      "dependencies": {
        "@headlessui/react": "^1.7.12"
      }
    },
    "node_modules/@headlessui/react": {
      "version": "1.7.12",
      "resolved": "https://registry.npmjs.org/@headlessui/react/-/react-1.7.12.tgz",
      "integrity": "sha512-FhSx5V+Qp0GvbTpaxyS+ymGDDNntCacClWsk/d8Upbr19g3AsPbjfPk4+m2CgJGcuCB5Dz7LpUIOAbvQTyjL2g==",
      "dependencies": {
        "client-only": "^0.0.1"
      },
      "engines": {
        "node": ">=10"
      },
      "peerDependencies": {
        "react": "^16 || ^17 || ^18",
        "react-dom": "^16 || ^17 || ^18"
      }
    },
    "node_modules/client-only": {
      "version": "0.0.1",
      "resolved": "https://registry.npmjs.org/client-only/-/client-only-0.0.1.tgz",
      "integrity": "sha512-IV3Ou0jSMzZrd3pZ48nLkT9DA7Ag1pnPzaiQhpW7c3RbcqqzvzzVu+L8gfqMp/8IM2MQtSiqaCxrrcfu8I8rMA=="
    }
  },
  "dependencies": {
    "@headlessui/react": {
      "version": "1.7.12",
      "resolved": "https://registry.npmjs.org/@headlessui/react/-/react-1.7.12.tgz",
      "integrity": "sha512-FhSx5V+Qp0GvbTpaxyS+ymGDDNntCacClWsk/d8Upbr19g3AsPbjfPk4+m2CgJGcuCB5Dz7LpUIOAbvQTyjL2g==",
      "requires": {
        "client-only": "^0.0.1"
      }
    },
    "client-only": {
      "version": "0.0.1",
      "resolved": "https://registry.npmjs.org/client-only/-/client-only-0.0.1.tgz",
      "integrity": "sha512-IV3Ou0jSMzZrd3pZ48nLkT9DA7Ag1pnPzaiQhpW7c3RbcqqzvzzVu+L8gfqMp/8IM2MQtSiqaCxrrcfu8I8rMA=="
    }
  }
}
